// !$*UTF8*$!
{
	archiveVersion = 1;
	classes = {
	};
	objectVersion = 56;
	objects = {

/* Begin PBXBuildFile section */
		3B16FF572D0F1B4D000862EE /* mapApp_swiftUIApp.swift in Sources */ = {isa = PBXBuildFile; fileRef = 3B16FF562D0F1B4D000862EE /* mapApp_swiftUIApp.swift */; };
		3B16FF592D0F1B4D000862EE /* ContentView.swift in Sources */ = {isa = PBXBuildFile; fileRef = 3B16FF582D0F1B4D000862EE /* ContentView.swift */; };
		3B16FF5E2D0F1B4F000862EE /* Preview Assets.xcassets in Resources */ = {isa = PBXBuildFile; fileRef = 3B16FF5D2D0F1B4F000862EE /* Preview Assets.xcassets */; };
		3B16FF652D0F1DCA000862EE /* Assets.xcassets in Resources */ = {isa = PBXBuildFile; fileRef = 3B16FF642D0F1DCA000862EE /* Assets.xcassets */; };
		3B16FF6A2D0F2206000862EE /* Location.swift in Sources */ = {isa = PBXBuildFile; fileRef = 3B16FF692D0F2206000862EE /* Location.swift */; };
		3B16FF6D2D0F2478000862EE /* LocationsDataService.swift in Sources */ = {isa = PBXBuildFile; fileRef = 3B16FF6C2D0F2478000862EE /* LocationsDataService.swift */; };
		3B16FF712D0F271C000862EE /* LocationsView.swift in Sources */ = {isa = PBXBuildFile; fileRef = 3B16FF702D0F271C000862EE /* LocationsView.swift */; };
		3B16FF732D0F3002000862EE /* LocationsViewModel.swift in Sources */ = {isa = PBXBuildFile; fileRef = 3B16FF722D0F3002000862EE /* LocationsViewModel.swift */; };
		3B55806E2D16A187002517D8 /* LocationsPreviewView.swift in Sources */ = {isa = PBXBuildFile; fileRef = 3B55806D2D16A187002517D8 /* LocationsPreviewView.swift */; };
		3B5580702D16BA67002517D8 /* LocationMapAnnotationView.swift in Sources */ = {isa = PBXBuildFile; fileRef = 3B55806F2D16BA67002517D8 /* LocationMapAnnotationView.swift */; };
		3B5580722D16CA5F002517D8 /* LocationDetailView.swift in Sources */ = {isa = PBXBuildFile; fileRef = 3B5580712D16CA5F002517D8 /* LocationDetailView.swift */; };
		3BC6A1F62D1470C500B411D1 /* LocationsListView.swift in Sources */ = {isa = PBXBuildFile; fileRef = 3BC6A1F52D1470C500B411D1 /* LocationsListView.swift */; };
/* End PBXBuildFile section */

/* Begin PBXFileReference section */
		3B16FF532D0F1B4D000862EE /* mapApp-swiftUI.app */ = {isa = PBXFileReference; explicitFileType = wrapper.application; includeInIndex = 0; path = "mapApp-swiftUI.app"; sourceTree = BUILT_PRODUCTS_DIR; };
		3B16FF562D0F1B4D000862EE /* mapApp_swiftUIApp.swift */ = {isa = PBXFileReference; lastKnownFileType = sourcecode.swift; path = mapApp_swiftUIApp.swift; sourceTree = "<group>"; };
		3B16FF582D0F1B4D000862EE /* ContentView.swift */ = {isa = PBXFileReference; lastKnownFileType = sourcecode.swift; path = ContentView.swift; sourceTree = "<group>"; };
		3B16FF5D2D0F1B4F000862EE /* Preview Assets.xcassets */ = {isa = PBXFileReference; lastKnownFileType = folder.assetcatalog; path = "Preview Assets.xcassets"; sourceTree = "<group>"; };
		3B16FF642D0F1DCA000862EE /* Assets.xcassets */ = {isa = PBXFileReference; lastKnownFileType = folder.assetcatalog; path = Assets.xcassets; sourceTree = "<group>"; };
		3B16FF692D0F2206000862EE /* Location.swift */ = {isa = PBXFileReference; lastKnownFileType = sourcecode.swift; path = Location.swift; sourceTree = "<group>"; };
		3B16FF6C2D0F2478000862EE /* LocationsDataService.swift */ = {isa = PBXFileReference; fileEncoding = 4; lastKnownFileType = sourcecode.swift; path = LocationsDataService.swift; sourceTree = "<group>"; };
		3B16FF702D0F271C000862EE /* LocationsView.swift */ = {isa = PBXFileReference; lastKnownFileType = sourcecode.swift; path = LocationsView.swift; sourceTree = "<group>"; };
		3B16FF722D0F3002000862EE /* LocationsViewModel.swift */ = {isa = PBXFileReference; lastKnownFileType = sourcecode.swift; path = LocationsViewModel.swift; sourceTree = "<group>"; };
		3B55806D2D16A187002517D8 /* LocationsPreviewView.swift */ = {isa = PBXFileReference; lastKnownFileType = sourcecode.swift; path = LocationsPreviewView.swift; sourceTree = "<group>"; };
		3B55806F2D16BA67002517D8 /* LocationMapAnnotationView.swift */ = {isa = PBXFileReference; lastKnownFileType = sourcecode.swift; path = LocationMapAnnotationView.swift; sourceTree = "<group>"; };
		3B5580712D16CA5F002517D8 /* LocationDetailView.swift */ = {isa = PBXFileReference; lastKnownFileType = sourcecode.swift; path = LocationDetailView.swift; sourceTree = "<group>"; };
		3BC6A1F52D1470C500B411D1 /* LocationsListView.swift */ = {isa = PBXFileReference; lastKnownFileType = sourcecode.swift; path = LocationsListView.swift; sourceTree = "<group>"; };
/* End PBXFileReference section */

/* Begin PBXFrameworksBuildPhase section */
		3B16FF502D0F1B4D000862EE /* Frameworks */ = {
			isa = PBXFrameworksBuildPhase;
			buildActionMask = 2147483647;
			files = (
			);
			runOnlyForDeploymentPostprocessing = 0;
		};
/* End PBXFrameworksBuildPhase section */

/* Begin PBXGroup section */
		3B16FF4A2D0F1B4D000862EE = {
			isa = PBXGroup;
			children = (
				3B16FF552D0F1B4D000862EE /* mapApp-swiftUI */,
				3B16FF542D0F1B4D000862EE /* Products */,
			);
			sourceTree = "<group>";
		};
		3B16FF542D0F1B4D000862EE /* Products */ = {
			isa = PBXGroup;
			children = (
				3B16FF532D0F1B4D000862EE /* mapApp-swiftUI.app */,
			);
			name = Products;
			sourceTree = "<group>";
		};
		3B16FF552D0F1B4D000862EE /* mapApp-swiftUI */ = {
			isa = PBXGroup;
			children = (
				3B16FF6B2D0F2455000862EE /* DataServices */,
				3B16FF682D0F2132000862EE /* Models */,
				3B16FF672D0F2127000862EE /* ViewModels */,
				3B16FF662D0F2121000862EE /* Views */,
				3B16FF642D0F1DCA000862EE /* Assets.xcassets */,
				3B16FF562D0F1B4D000862EE /* mapApp_swiftUIApp.swift */,
				3B16FF582D0F1B4D000862EE /* ContentView.swift */,
				3B16FF5C2D0F1B4F000862EE /* Preview Content */,
			);
			path = "mapApp-swiftUI";
			sourceTree = "<group>";
		};
		3B16FF5C2D0F1B4F000862EE /* Preview Content */ = {
			isa = PBXGroup;
			children = (
				3B16FF5D2D0F1B4F000862EE /* Preview Assets.xcassets */,
			);
			path = "Preview Content";
			sourceTree = "<group>";
		};
		3B16FF662D0F2121000862EE /* Views */ = {
			isa = PBXGroup;
			children = (
				3B16FF702D0F271C000862EE /* LocationsView.swift */,
				3BC6A1F52D1470C500B411D1 /* LocationsListView.swift */,
				3B55806D2D16A187002517D8 /* LocationsPreviewView.swift */,
				3B55806F2D16BA67002517D8 /* LocationMapAnnotationView.swift */,
				3B5580712D16CA5F002517D8 /* LocationDetailView.swift */,
			);
			path = Views;
			sourceTree = "<group>";
		};
		3B16FF672D0F2127000862EE /* ViewModels */ = {
			isa = PBXGroup;
			children = (
				3B16FF722D0F3002000862EE /* LocationsViewModel.swift */,
			);
			path = ViewModels;
			sourceTree = "<group>";
		};
		3B16FF682D0F2132000862EE /* Models */ = {
			isa = PBXGroup;
			children = (
				3B16FF692D0F2206000862EE /* Location.swift */,
			);
			path = Models;
			sourceTree = "<group>";
		};
		3B16FF6B2D0F2455000862EE /* DataServices */ = {
			isa = PBXGroup;
			children = (
				3B16FF6C2D0F2478000862EE /* LocationsDataService.swift */,
			);
			path = DataServices;
			sourceTree = "<group>";
		};
/* End PBXGroup section */

/* Begin PBXNativeTarget section */
		3B16FF522D0F1B4D000862EE /* mapApp-swiftUI */ = {
			isa = PBXNativeTarget;
			buildConfigurationList = 3B16FF612D0F1B4F000862EE /* Build configuration list for PBXNativeTarget "mapApp-swiftUI" */;
			buildPhases = (
				3B16FF4F2D0F1B4D000862EE /* Sources */,
				3B16FF502D0F1B4D000862EE /* Frameworks */,
				3B16FF512D0F1B4D000862EE /* Resources */,
			);
			buildRules = (
			);
			dependencies = (
			);
			name = "mapApp-swiftUI";
			productName = "mapApp-swiftUI";
			productReference = 3B16FF532D0F1B4D000862EE /* mapApp-swiftUI.app */;
			productType = "com.apple.product-type.application";
		};
/* End PBXNativeTarget section */

/* Begin PBXProject section */
		3B16FF4B2D0F1B4D000862EE /* Project object */ = {
			isa = PBXProject;
			attributes = {
				BuildIndependentTargetsInParallel = 1;
				LastSwiftUpdateCheck = 1500;
				LastUpgradeCheck = 1500;
				TargetAttributes = {
					3B16FF522D0F1B4D000862EE = {
						CreatedOnToolsVersion = 15.0.1;
					};
				};
			};
			buildConfigurationList = 3B16FF4E2D0F1B4D000862EE /* Build configuration list for PBXProject "mapApp-swiftUI" */;
			compatibilityVersion = "Xcode 14.0";
			developmentRegion = en;
			hasScannedForEncodings = 0;
			knownRegions = (
				en,
				Base,
			);
			mainGroup = 3B16FF4A2D0F1B4D000862EE;
			productRefGroup = 3B16FF542D0F1B4D000862EE /* Products */;
			projectDirPath = "";
			projectRoot = "";
			targets = (
				3B16FF522D0F1B4D000862EE /* mapApp-swiftUI */,
			);
		};
/* End PBXProject section */

/* Begin PBXResourcesBuildPhase section */
		3B16FF512D0F1B4D000862EE /* Resources */ = {
			isa = PBXResourcesBuildPhase;
			buildActionMask = 2147483647;
			files = (
				3B16FF652D0F1DCA000862EE /* Assets.xcassets in Resources */,
				3B16FF5E2D0F1B4F000862EE /* Preview Assets.xcassets in Resources */,
			);
			runOnlyForDeploymentPostprocessing = 0;
		};
/* End PBXResourcesBuildPhase section */

/* Begin PBXSourcesBuildPhase section */
		3B16FF4F2D0F1B4D000862EE /* Sources */ = {
			isa = PBXSourcesBuildPhase;
			buildActionMask = 2147483647;
			files = (
				3B16FF6D2D0F2478000862EE /* LocationsDataService.swift in Sources */,
				3B5580702D16BA67002517D8 /* LocationMapAnnotationView.swift in Sources */,
				3BC6A1F62D1470C500B411D1 /* LocationsListView.swift in Sources */,
				3B16FF732D0F3002000862EE /* LocationsViewModel.swift in Sources */,
				3B16FF592D0F1B4D000862EE /* ContentView.swift in Sources */,
				3B16FF712D0F271C000862EE /* LocationsView.swift in Sources */,
				3B16FF6A2D0F2206000862EE /* Location.swift in Sources */,
				3B55806E2D16A187002517D8 /* LocationsPreviewView.swift in Sources */,
				3B5580722D16CA5F002517D8 /* LocationDetailView.swift in Sources */,
				3B16FF572D0F1B4D000862EE /* mapApp_swiftUIApp.swift in Sources */,
			);
			runOnlyForDeploymentPostprocessing = 0;
		};
/* End PBXSourcesBuildPhase section */

/* Begin XCBuildConfiguration section */
		3B16FF5F2D0F1B4F000862EE /* Debug */ = {
			isa = XCBuildConfiguration;
			buildSettings = {
				ALWAYS_SEARCH_USER_PATHS = NO;
				ASSETCATALOG_COMPILER_GENERATE_SWIFT_ASSET_SYMBOL_EXTENSIONS = YES;
				CLANG_ANALYZER_NONNULL = YES;
				CLANG_ANALYZER_NUMBER_OBJECT_CONVERSION = YES_AGGRESSIVE;
				CLANG_CXX_LANGUAGE_STANDARD = "gnu++20";
				CLANG_ENABLE_MODULES = YES;
				CLANG_ENABLE_OBJC_ARC = YES;
				CLANG_ENABLE_OBJC_WEAK = YES;
				CLANG_WARN_BLOCK_CAPTURE_AUTORELEASING = YES;
				CLANG_WARN_BOOL_CONVERSION = YES;
				CLANG_WARN_COMMA = YES;
				CLANG_WARN_CONSTANT_CONVERSION = YES;
				CLANG_WARN_DEPRECATED_OBJC_IMPLEMENTATIONS = YES;
				CLANG_WARN_DIRECT_OBJC_ISA_USAGE = YES_ERROR;
				CLANG_WARN_DOCUMENTATION_COMMENTS = YES;
				CLANG_WARN_EMPTY_BODY = YES;
				CLANG_WARN_ENUM_CONVERSION = YES;
				CLANG_WARN_INFINITE_RECURSION = YES;
				CLANG_WARN_INT_CONVERSION = YES;
				CLANG_WARN_NON_LITERAL_NULL_CONVERSION = YES;
				CLANG_WARN_OBJC_IMPLICIT_RETAIN_SELF = YES;
				CLANG_WARN_OBJC_LITERAL_CONVERSION = YES;
				CLANG_WARN_OBJC_ROOT_CLASS = YES_ERROR;
				CLANG_WARN_QUOTED_INCLUDE_IN_FRAMEWORK_HEADER = YES;
				CLANG_WARN_RANGE_LOOP_ANALYSIS = YES;
				CLANG_WARN_STRICT_PROTOTYPES = YES;
				CLANG_WARN_SUSPICIOUS_MOVE = YES;
				CLANG_WARN_UNGUARDED_AVAILABILITY = YES_AGGRESSIVE;
				CLANG_WARN_UNREACHABLE_CODE = YES;
				CLANG_WARN__DUPLICATE_METHOD_MATCH = YES;
				COPY_PHASE_STRIP = NO;
				DEBUG_INFORMATION_FORMAT = dwarf;
				ENABLE_STRICT_OBJC_MSGSEND = YES;
				ENABLE_TESTABILITY = YES;
				ENABLE_USER_SCRIPT_SANDBOXING = YES;
				GCC_C_LANGUAGE_STANDARD = gnu17;
				GCC_DYNAMIC_NO_PIC = NO;
				GCC_NO_COMMON_BLOCKS = YES;
				GCC_OPTIMIZATION_LEVEL = 0;
				GCC_PREPROCESSOR_DEFINITIONS = (
					"DEBUG=1",
					"$(inherited)",
				);
				GCC_WARN_64_TO_32_BIT_CONVERSION = YES;
				GCC_WARN_ABOUT_RETURN_TYPE = YES_ERROR;
				GCC_WARN_UNDECLARED_SELECTOR = YES;
				GCC_WARN_UNINITIALIZED_AUTOS = YES_AGGRESSIVE;
				GCC_WARN_UNUSED_FUNCTION = YES;
				GCC_WARN_UNUSED_VARIABLE = YES;
				IPHONEOS_DEPLOYMENT_TARGET = 17.0;
				LOCALIZATION_PREFERS_STRING_CATALOGS = YES;
				MTL_ENABLE_DEBUG_INFO = INCLUDE_SOURCE;
				MTL_FAST_MATH = YES;
				ONLY_ACTIVE_ARCH = YES;
				SDKROOT = iphoneos;
				SWIFT_ACTIVE_COMPILATION_CONDITIONS = "DEBUG $(inherited)";
				SWIFT_OPTIMIZATION_LEVEL = "-Onone";
			};
			name = Debug;
		};
		3B16FF602D0F1B4F000862EE /* Release */ = {
			isa = XCBuildConfiguration;
			buildSettings = {
				ALWAYS_SEARCH_USER_PATHS = NO;
				ASSETCATALOG_COMPILER_GENERATE_SWIFT_ASSET_SYMBOL_EXTENSIONS = YES;
				CLANG_ANALYZER_NONNULL = YES;
				CLANG_ANALYZER_NUMBER_OBJECT_CONVERSION = YES_AGGRESSIVE;
				CLANG_CXX_LANGUAGE_STANDARD = "gnu++20";
				CLANG_ENABLE_MODULES = YES;
				CLANG_ENABLE_OBJC_ARC = YES;
				CLANG_ENABLE_OBJC_WEAK = YES;
				CLANG_WARN_BLOCK_CAPTURE_AUTORELEASING = YES;
				CLANG_WARN_BOOL_CONVERSION = YES;
				CLANG_WARN_COMMA = YES;
				CLANG_WARN_CONSTANT_CONVERSION = YES;
				CLANG_WARN_DEPRECATED_OBJC_IMPLEMENTATIONS = YES;
				CLANG_WARN_DIRECT_OBJC_ISA_USAGE = YES_ERROR;
				CLANG_WARN_DOCUMENTATION_COMMENTS = YES;
				CLANG_WARN_EMPTY_BODY = YES;
				CLANG_WARN_ENUM_CONVERSION = YES;
				CLANG_WARN_INFINITE_RECURSION = YES;
				CLANG_WARN_INT_CONVERSION = YES;
				CLANG_WARN_NON_LITERAL_NULL_CONVERSION = YES;
				CLANG_WARN_OBJC_IMPLICIT_RETAIN_SELF = YES;
				CLANG_WARN_OBJC_LITERAL_CONVERSION = YES;
				CLANG_WARN_OBJC_ROOT_CLASS = YES_ERROR;
				CLANG_WARN_QUOTED_INCLUDE_IN_FRAMEWORK_HEADER = YES;
				CLANG_WARN_RANGE_LOOP_ANALYSIS = YES;
				CLANG_WARN_STRICT_PROTOTYPES = YES;
				CLANG_WARN_SUSPICIOUS_MOVE = YES;
				CLANG_WARN_UNGUARDED_AVAILABILITY = YES_AGGRESSIVE;
				CLANG_WARN_UNREACHABLE_CODE = YES;
				CLANG_WARN__DUPLICATE_METHOD_MATCH = YES;
				COPY_PHASE_STRIP = NO;
				DEBUG_INFORMATION_FORMAT = "dwarf-with-dsym";
				ENABLE_NS_ASSERTIONS = NO;
				ENABLE_STRICT_OBJC_MSGSEND = YES;
				ENABLE_USER_SCRIPT_SANDBOXING = YES;
				GCC_C_LANGUAGE_STANDARD = gnu17;
				GCC_NO_COMMON_BLOCKS = YES;
				GCC_WARN_64_TO_32_BIT_CONVERSION = YES;
				GCC_WARN_ABOUT_RETURN_TYPE = YES_ERROR;
				GCC_WARN_UNDECLARED_SELECTOR = YES;
				GCC_WARN_UNINITIALIZED_AUTOS = YES_AGGRESSIVE;
				GCC_WARN_UNUSED_FUNCTION = YES;
				GCC_WARN_UNUSED_VARIABLE = YES;
				IPHONEOS_DEPLOYMENT_TARGET = 17.0;
				LOCALIZATION_PREFERS_STRING_CATALOGS = YES;
				MTL_ENABLE_DEBUG_INFO = NO;
				MTL_FAST_MATH = YES;
				SDKROOT = iphoneos;
				SWIFT_COMPILATION_MODE = wholemodule;
				VALIDATE_PRODUCT = YES;
			};
			name = Release;
		};
		3B16FF622D0F1B4F000862EE /* Debug */ = {
			isa = XCBuildConfiguration;
			buildSettings = {
				ASSETCATALOG_COMPILER_APPICON_NAME = AppIcon;
				ASSETCATALOG_COMPILER_GLOBAL_ACCENT_COLOR_NAME = AccentColor;
				CODE_SIGN_STYLE = Automatic;
				CURRENT_PROJECT_VERSION = 1;
				DEVELOPMENT_ASSET_PATHS = "\"mapApp-swiftUI/Preview Content\"";
				DEVELOPMENT_TEAM = 6DNKN2DQ82;
				ENABLE_PREVIEWS = YES;
				GENERATE_INFOPLIST_FILE = YES;
				INFOPLIST_KEY_UIApplicationSceneManifest_Generation = YES;
				INFOPLIST_KEY_UIApplicationSupportsIndirectInputEvents = YES;
				INFOPLIST_KEY_UILaunchScreen_Generation = YES;
				INFOPLIST_KEY_UISupportedInterfaceOrientations_iPad = "UIInterfaceOrientationPortrait UIInterfaceOrientationPortraitUpsideDown UIInterfaceOrientationLandscapeLeft UIInterfaceOrientationLandscapeRight";
				INFOPLIST_KEY_UISupportedInterfaceOrientations_iPhone = "UIInterfaceOrientationPortrait UIInterfaceOrientationLandscapeLeft UIInterfaceOrientationLandscapeRight";
				LD_RUNPATH_SEARCH_PATHS = (
					"$(inherited)",
					"@executable_path/Frameworks",
				);
				MARKETING_VERSION = 1.0;
				PRODUCT_BUNDLE_IDENTIFIER = "com.pp.mapApp-swiftUI";
				PRODUCT_NAME = "$(TARGET_NAME)";
				SWIFT_EMIT_LOC_STRINGS = YES;
				SWIFT_VERSION = 5.0;
				TARGETED_DEVICE_FAMILY = "1,2";
			};
			name = Debug;
		};
		3B16FF632D0F1B4F000862EE /* Release */ = {
			isa = XCBuildConfiguration;
			buildSettings = {
				ASSETCATALOG_COMPILER_APPICON_NAME = AppIcon;
				ASSETCATALOG_COMPILER_GLOBAL_ACCENT_COLOR_NAME = AccentColor;
				CODE_SIGN_STYLE = Automatic;
				CURRENT_PROJECT_VERSION = 1;
				DEVELOPMENT_ASSET_PATHS = "\"mapApp-swiftUI/Preview Content\"";
				DEVELOPMENT_TEAM = 6DNKN2DQ82;
				ENABLE_PREVIEWS = YES;
				GENERATE_INFOPLIST_FILE = YES;
				INFOPLIST_KEY_UIApplicationSceneManifest_Generation = YES;
				INFOPLIST_KEY_UIApplicationSupportsIndirectInputEvents = YES;
				INFOPLIST_KEY_UILaunchScreen_Generation = YES;
				INFOPLIST_KEY_UISupportedInterfaceOrientations_iPad = "UIInterfaceOrientationPortrait UIInterfaceOrientationPortraitUpsideDown UIInterfaceOrientationLandscapeLeft UIInterfaceOrientationLandscapeRight";
				INFOPLIST_KEY_UISupportedInterfaceOrientations_iPhone = "UIInterfaceOrientationPortrait UIInterfaceOrientationLandscapeLeft UIInterfaceOrientationLandscapeRight";
				LD_RUNPATH_SEARCH_PATHS = (
					"$(inherited)",
					"@executable_path/Frameworks",
				);
				MARKETING_VERSION = 1.0;
				PRODUCT_BUNDLE_IDENTIFIER = "com.pp.mapApp-swiftUI";
				PRODUCT_NAME = "$(TARGET_NAME)";
				SWIFT_EMIT_LOC_STRINGS = YES;
				SWIFT_VERSION = 5.0;
				TARGETED_DEVICE_FAMILY = "1,2";
			};
			name = Release;
		};
/* End XCBuildConfiguration section */

/* Begin XCConfigurationList section */
		3B16FF4E2D0F1B4D000862EE /* Build configuration list for PBXProject "mapApp-swiftUI" */ = {
			isa = XCConfigurationList;
			buildConfigurations = (
				3B16FF5F2D0F1B4F000862EE /* Debug */,
				3B16FF602D0F1B4F000862EE /* Release */,
			);
			defaultConfigurationIsVisible = 0;
			defaultConfigurationName = Release;
		};
		3B16FF612D0F1B4F000862EE /* Build configuration list for PBXNativeTarget "mapApp-swiftUI" */ = {
			isa = XCConfigurationList;
			buildConfigurations = (
				3B16FF622D0F1B4F000862EE /* Debug */,
				3B16FF632D0F1B4F000862EE /* Release */,
			);
			defaultConfigurationIsVisible = 0;
			defaultConfigurationName = Release;
		};
/* End XCConfigurationList section */
	};
	rootObject = 3B16FF4B2D0F1B4D000862EE /* Project object */;
}
